// !$*UTF8*$!
{
	archiveVersion = 1;
	classes = {
	};
	objectVersion = 50;
	objects = {

/* Begin PBXBuildFile section */
		A8B8C50826A72DFF0013E0EB /* AppDelegate.swift in Sources */ = {isa = PBXBuildFile; fileRef = A8B8C50726A72DFF0013E0EB /* AppDelegate.swift */; };
		A8B8C50A26A72DFF0013E0EB /* SceneDelegate.swift in Sources */ = {isa = PBXBuildFile; fileRef = A8B8C50926A72DFF0013E0EB /* SceneDelegate.swift */; };
		A8B8C50C26A72DFF0013E0EB /* ViewController.swift in Sources */ = {isa = PBXBuildFile; fileRef = A8B8C50B26A72DFF0013E0EB /* ViewController.swift */; };
		A8B8C50F26A72DFF0013E0EB /* Main.storyboard in Resources */ = {isa = PBXBuildFile; fileRef = A8B8C50D26A72DFF0013E0EB /* Main.storyboard */; };
		A8B8C51226A72DFF0013E0EB /* plantASeed.xcdatamodeld in Sources */ = {isa = PBXBuildFile; fileRef = A8B8C51026A72DFF0013E0EB /* plantASeed.xcdatamodeld */; };
		A8B8C51426A72E060013E0EB /* Assets.xcassets in Resources */ = {isa = PBXBuildFile; fileRef = A8B8C51326A72E060013E0EB /* Assets.xcassets */; };
		A8B8C51726A72E060013E0EB /* LaunchScreen.storyboard in Resources */ = {isa = PBXBuildFile; fileRef = A8B8C51526A72E060013E0EB /* LaunchScreen.storyboard */; };
/* End PBXBuildFile section */

/* Begin PBXFileReference section */
		A8B8C50426A72DFF0013E0EB /* plantASeed.app */ = {isa = PBXFileReference; explicitFileType = wrapper.application; includeInIndex = 0; path = plantASeed.app; sourceTree = BUILT_PRODUCTS_DIR; };
		A8B8C50726A72DFF0013E0EB /* AppDelegate.swift */ = {isa = PBXFileReference; lastKnownFileType = sourcecode.swift; path = AppDelegate.swift; sourceTree = "<group>"; };
		A8B8C50926A72DFF0013E0EB /* SceneDelegate.swift */ = {isa = PBXFileReference; lastKnownFileType = sourcecode.swift; path = SceneDelegate.swift; sourceTree = "<group>"; };
		A8B8C50B26A72DFF0013E0EB /* ViewController.swift */ = {isa = PBXFileReference; lastKnownFileType = sourcecode.swift; path = ViewController.swift; sourceTree = "<group>"; };
		A8B8C50E26A72DFF0013E0EB /* Base */ = {isa = PBXFileReference; lastKnownFileType = file.storyboard; name = Base; path = Base.lproj/Main.storyboard; sourceTree = "<group>"; };
		A8B8C51126A72DFF0013E0EB /* plantASeed.xcdatamodel */ = {isa = PBXFileReference; lastKnownFileType = wrapper.xcdatamodel; path = plantASeed.xcdatamodel; sourceTree = "<group>"; };
		A8B8C51326A72E060013E0EB /* Assets.xcassets */ = {isa = PBXFileReference; lastKnownFileType = folder.assetcatalog; path = Assets.xcassets; sourceTree = "<group>"; };
		A8B8C51626A72E060013E0EB /* Base */ = {isa = PBXFileReference; lastKnownFileType = file.storyboard; name = Base; path = Base.lproj/LaunchScreen.storyboard; sourceTree = "<group>"; };
		A8B8C51826A72E060013E0EB /* Info.plist */ = {isa = PBXFileReference; lastKnownFileType = text.plist.xml; path = Info.plist; sourceTree = "<group>"; };
/* End PBXFileReference section */

/* Begin PBXFrameworksBuildPhase section */
		A8B8C50126A72DFF0013E0EB /* Frameworks */ = {
			isa = PBXFrameworksBuildPhase;
			buildActionMask = 2147483647;
			files = (
			);
			runOnlyForDeploymentPostprocessing = 0;
		};
/* End PBXFrameworksBuildPhase section */

/* Begin PBXGroup section */
		A8B8C4FB26A72DFF0013E0EB = {
			isa = PBXGroup;
			children = (
				A8B8C50626A72DFF0013E0EB /* plantASeed */,
				A8B8C50526A72DFF0013E0EB /* Products */,
			);
			sourceTree = "<group>";
		};
		A8B8C50526A72DFF0013E0EB /* Products */ = {
			isa = PBXGroup;
			children = (
				A8B8C50426A72DFF0013E0EB /* plantASeed.app */,
			);
			name = Products;
			sourceTree = "<group>";
		};
		A8B8C50626A72DFF0013E0EB /* plantASeed */ = {
			isa = PBXGroup;
			children = (
				A8B8C50726A72DFF0013E0EB /* AppDelegate.swift */,
				A8B8C50926A72DFF0013E0EB /* SceneDelegate.swift */,
				A8B8C50B26A72DFF0013E0EB /* ViewController.swift */,
				A8B8C50D26A72DFF0013E0EB /* Main.storyboard */,
				A8B8C51326A72E060013E0EB /* Assets.xcassets */,
				A8B8C51526A72E060013E0EB /* LaunchScreen.storyboard */,
				A8B8C51826A72E060013E0EB /* Info.plist */,
				A8B8C51026A72DFF0013E0EB /* plantASeed.xcdatamodeld */,
			);
			path = plantASeed;
			sourceTree = "<group>";
		};
/* End PBXGroup section */

/* Begin PBXNativeTarget section */
		A8B8C50326A72DFF0013E0EB /* plantASeed */ = {
			isa = PBXNativeTarget;
			buildConfigurationList = A8B8C51B26A72E070013E0EB /* Build configuration list for PBXNativeTarget "plantASeed" */;
			buildPhases = (
				A8B8C50026A72DFF0013E0EB /* Sources */,
				A8B8C50126A72DFF0013E0EB /* Frameworks */,
				A8B8C50226A72DFF0013E0EB /* Resources */,
			);
			buildRules = (
			);
			dependencies = (
			);
			name = plantASeed;
			productName = plantASeed;
			productReference = A8B8C50426A72DFF0013E0EB /* plantASeed.app */;
			productType = "com.apple.product-type.application";
		};
/* End PBXNativeTarget section */

/* Begin PBXProject section */
		A8B8C4FC26A72DFF0013E0EB /* Project object */ = {
			isa = PBXProject;
			attributes = {
				LastSwiftUpdateCheck = 1250;
				LastUpgradeCheck = 1250;
				TargetAttributes = {
					A8B8C50326A72DFF0013E0EB = {
						CreatedOnToolsVersion = 12.5.1;
					};
				};
			};
			buildConfigurationList = A8B8C4FF26A72DFF0013E0EB /* Build configuration list for PBXProject "plantASeed" */;
			compatibilityVersion = "Xcode 9.3";
			developmentRegion = en;
			hasScannedForEncodings = 0;
			knownRegions = (
				en,
				Base,
			);
			mainGroup = A8B8C4FB26A72DFF0013E0EB;
			productRefGroup = A8B8C50526A72DFF0013E0EB /* Products */;
			projectDirPath = "";
			projectRoot = "";
			targets = (
				A8B8C50326A72DFF0013E0EB /* plantASeed */,
			);
		};
/* End PBXProject section */

/* Begin PBXResourcesBuildPhase section */
		A8B8C50226A72DFF0013E0EB /* Resources */ = {
			isa = PBXResourcesBuildPhase;
			buildActionMask = 2147483647;
			files = (
				A8B8C51726A72E060013E0EB /* LaunchScreen.storyboard in Resources */,
				A8B8C51426A72E060013E0EB /* Assets.xcassets in Resources */,
				A8B8C50F26A72DFF0013E0EB /* Main.storyboard in Resources */,
			);
			runOnlyForDeploymentPostprocessing = 0;
		};
/* End PBXResourcesBuildPhase section */

/* Begin PBXSourcesBuildPhase section */
		A8B8C50026A72DFF0013E0EB /* Sources */ = {
			isa = PBXSourcesBuildPhase;
			buildActionMask = 2147483647;
			files = (
				A8B8C51226A72DFF0013E0EB /* plantASeed.xcdatamodeld in Sources */,
				A8B8C50C26A72DFF0013E0EB /* ViewController.swift in Sources */,
				A8B8C50826A72DFF0013E0EB /* AppDelegate.swift in Sources */,
				A8B8C50A26A72DFF0013E0EB /* SceneDelegate.swift in Sources */,
			);
			runOnlyForDeploymentPostprocessing = 0;
		};
/* End PBXSourcesBuildPhase section */

/* Begin PBXVariantGroup section */
		A8B8C50D26A72DFF0013E0EB /* Main.storyboard */ = {
			isa = PBXVariantGroup;
			children = (
				A8B8C50E26A72DFF0013E0EB /* Base */,
			);
			name = Main.storyboard;
			sourceTree = "<group>";
		};
		A8B8C51526A72E060013E0EB /* LaunchScreen.storyboard */ = {
			isa = PBXVariantGroup;
			children = (
				A8B8C51626A72E060013E0EB /* Base */,
			);
			name = LaunchScreen.storyboard;
			sourceTree = "<group>";
		};
/* End PBXVariantGroup section */

/* Begin XCBuildConfiguration section */
		A8B8C51926A72E070013E0EB /* Debug */ = {
			isa = XCBuildConfiguration;
			buildSettings = {
				ALWAYS_SEARCH_USER_PATHS = NO;
				CLANG_ANALYZER_NONNULL = YES;
				CLANG_ANALYZER_NUMBER_OBJECT_CONVERSION = YES_AGGRESSIVE;
				CLANG_CXX_LANGUAGE_STANDARD = "gnu++14";
				CLANG_CXX_LIBRARY = "libc++";
				CLANG_ENABLE_MODULES = YES;
				CLANG_ENABLE_OBJC_ARC = YES;
				CLANG_ENABLE_OBJC_WEAK = YES;
				CLANG_WARN_BLOCK_CAPTURE_AUTORELEASING = YES;
				CLANG_WARN_BOOL_CONVERSION = YES;
				CLANG_WARN_COMMA = YES;
				CLANG_WARN_CONSTANT_CONVERSION = YES;
				CLANG_WARN_DEPRECATED_OBJC_IMPLEMENTATIONS = YES;
				CLANG_WARN_DIRECT_OBJC_ISA_USAGE = YES_ERROR;
				CLANG_WARN_DOCUMENTATION_COMMENTS = YES;
				CLANG_WARN_EMPTY_BODY = YES;
				CLANG_WARN_ENUM_CONVERSION = YES;
				CLANG_WARN_INFINITE_RECURSION = YES;
				CLANG_WARN_INT_CONVERSION = YES;
				CLANG_WARN_NON_LITERAL_NULL_CONVERSION = YES;
				CLANG_WARN_OBJC_IMPLICIT_RETAIN_SELF = YES;
				CLANG_WARN_OBJC_LITERAL_CONVERSION = YES;
				CLANG_WARN_OBJC_ROOT_CLASS = YES_ERROR;
				CLANG_WARN_QUOTED_INCLUDE_IN_FRAMEWORK_HEADER = YES;
				CLANG_WARN_RANGE_LOOP_ANALYSIS = YES;
				CLANG_WARN_STRICT_PROTOTYPES = YES;
				CLANG_WARN_SUSPICIOUS_MOVE = YES;
				CLANG_WARN_UNGUARDED_AVAILABILITY = YES_AGGRESSIVE;
				CLANG_WARN_UNREACHABLE_CODE = YES;
				CLANG_WARN__DUPLICATE_METHOD_MATCH = YES;
				COPY_PHASE_STRIP = NO;
				DEBUG_INFORMATION_FORMAT = dwarf;
				ENABLE_STRICT_OBJC_MSGSEND = YES;
				ENABLE_TESTABILITY = YES;
				GCC_C_LANGUAGE_STANDARD = gnu11;
				GCC_DYNAMIC_NO_PIC = NO;
				GCC_NO_COMMON_BLOCKS = YES;
				GCC_OPTIMIZATION_LEVEL = 0;
				GCC_PREPROCESSOR_DEFINITIONS = (
					"DEBUG=1",
					"$(inherited)",
				);
				GCC_WARN_64_TO_32_BIT_CONVERSION = YES;
				GCC_WARN_ABOUT_RETURN_TYPE = YES_ERROR;
				GCC_WARN_UNDECLARED_SELECTOR = YES;
				GCC_WARN_UNINITIALIZED_AUTOS = YES_AGGRESSIVE;
				GCC_WARN_UNUSED_FUNCTION = YES;
				GCC_WARN_UNUSED_VARIABLE = YES;
				IPHONEOS_DEPLOYMENT_TARGET = 14.5;
				MTL_ENABLE_DEBUG_INFO = INCLUDE_SOURCE;
				MTL_FAST_MATH = YES;
				ONLY_ACTIVE_ARCH = YES;
				SDKROOT = iphoneos;
				SWIFT_ACTIVE_COMPILATION_CONDITIONS = DEBUG;
				SWIFT_OPTIMIZATION_LEVEL = "-Onone";
			};
			name = Debug;
		};
		A8B8C51A26A72E070013E0EB /* Release */ = {
			isa = XCBuildConfiguration;
			buildSettings = {
				ALWAYS_SEARCH_USER_PATHS = NO;
				CLANG_ANALYZER_NONNULL = YES;
				CLANG_ANALYZER_NUMBER_OBJECT_CONVERSION = YES_AGGRESSIVE;
				CLANG_CXX_LANGUAGE_STANDARD = "gnu++14";
				CLANG_CXX_LIBRARY = "libc++";
				CLANG_ENABLE_MODULES = YES;
				CLANG_ENABLE_OBJC_ARC = YES;
				CLANG_ENABLE_OBJC_WEAK = YES;
				CLANG_WARN_BLOCK_CAPTURE_AUTORELEASING = YES;
				CLANG_WARN_BOOL_CONVERSION = YES;
				CLANG_WARN_COMMA = YES;
				CLANG_WARN_CONSTANT_CONVERSION = YES;
				CLANG_WARN_DEPRECATED_OBJC_IMPLEMENTATIONS = YES;
				CLANG_WARN_DIRECT_OBJC_ISA_USAGE = YES_ERROR;
				CLANG_WARN_DOCUMENTATION_COMMENTS = YES;
				CLANG_WARN_EMPTY_BODY = YES;
				CLANG_WARN_ENUM_CONVERSION = YES;
				CLANG_WARN_INFINITE_RECURSION = YES;
				CLANG_WARN_INT_CONVERSION = YES;
				CLANG_WARN_NON_LITERAL_NULL_CONVERSION = YES;
				CLANG_WARN_OBJC_IMPLICIT_RETAIN_SELF = YES;
				CLANG_WARN_OBJC_LITERAL_CONVERSION = YES;
				CLANG_WARN_OBJC_ROOT_CLASS = YES_ERROR;
				CLANG_WARN_QUOTED_INCLUDE_IN_FRAMEWORK_HEADER = YES;
				CLANG_WARN_RANGE_LOOP_ANALYSIS = YES;
				CLANG_WARN_STRICT_PROTOTYPES = YES;
				CLANG_WARN_SUSPICIOUS_MOVE = YES;
				CLANG_WARN_UNGUARDED_AVAILABILITY = YES_AGGRESSIVE;
				CLANG_WARN_UNREACHABLE_CODE = YES;
				CLANG_WARN__DUPLICATE_METHOD_MATCH = YES;
				COPY_PHASE_STRIP = NO;
				DEBUG_INFORMATION_FORMAT = "dwarf-with-dsym";
				ENABLE_NS_ASSERTIONS = NO;
				ENABLE_STRICT_OBJC_MSGSEND = YES;
				GCC_C_LANGUAGE_STANDARD = gnu11;
				GCC_NO_COMMON_BLOCKS = YES;
				GCC_WARN_64_TO_32_BIT_CONVERSION = YES;
				GCC_WARN_ABOUT_RETURN_TYPE = YES_ERROR;
				GCC_WARN_UNDECLARED_SELECTOR = YES;
				GCC_WARN_UNINITIALIZED_AUTOS = YES_AGGRESSIVE;
				GCC_WARN_UNUSED_FUNCTION = YES;
				GCC_WARN_UNUSED_VARIABLE = YES;
				IPHONEOS_DEPLOYMENT_TARGET = 14.5;
				MTL_ENABLE_DEBUG_INFO = NO;
				MTL_FAST_MATH = YES;
				SDKROOT = iphoneos;
				SWIFT_COMPILATION_MODE = wholemodule;
				SWIFT_OPTIMIZATION_LEVEL = "-O";
				VALIDATE_PRODUCT = YES;
			};
			name = Release;
		};
		A8B8C51C26A72E070013E0EB /* Debug */ = {
			isa = XCBuildConfiguration;
			buildSettings = {
				ASSETCATALOG_COMPILER_APPICON_NAME = AppIcon;
				ASSETCATALOG_COMPILER_GLOBAL_ACCENT_COLOR_NAME = AccentColor;
				CODE_SIGN_STYLE = Automatic;
				INFOPLIST_FILE = plantASeed/Info.plist;
				LD_RUNPATH_SEARCH_PATHS = (
					"$(inherited)",
					"@executable_path/Frameworks",
				);
				PRODUCT_BUNDLE_IDENTIFIER = KWK.plantASeed;
				PRODUCT_NAME = "$(TARGET_NAME)";
				SWIFT_VERSION = 5.0;
				TARGETED_DEVICE_FAMILY = "1,2";
			};
			name = Debug;
		};
		A8B8C51D26A72E070013E0EB /* Release */ = {
			isa = XCBuildConfiguration;
			buildSettings = {
				ASSETCATALOG_COMPILER_APPICON_NAME = AppIcon;
				ASSETCATALOG_COMPILER_GLOBAL_ACCENT_COLOR_NAME = AccentColor;
				CODE_SIGN_STYLE = Automatic;
				INFOPLIST_FILE = plantASeed/Info.plist;
				LD_RUNPATH_SEARCH_PATHS = (
					"$(inherited)",
					"@executable_path/Frameworks",
				);
				PRODUCT_BUNDLE_IDENTIFIER = KWK.plantASeed;
				PRODUCT_NAME = "$(TARGET_NAME)";
				SWIFT_VERSION = 5.0;
				TARGETED_DEVICE_FAMILY = "1,2";
			};
			name = Release;
		};
/* End XCBuildConfiguration section */

/* Begin XCConfigurationList section */
		A8B8C4FF26A72DFF0013E0EB /* Build configuration list for PBXProject "plantASeed" */ = {
			isa = XCConfigurationList;
			buildConfigurations = (
				A8B8C51926A72E070013E0EB /* Debug */,
				A8B8C51A26A72E070013E0EB /* Release */,
			);
			defaultConfigurationIsVisible = 0;
			defaultConfigurationName = Release;
		};
		A8B8C51B26A72E070013E0EB /* Build configuration list for PBXNativeTarget "plantASeed" */ = {
			isa = XCConfigurationList;
			buildConfigurations = (
				A8B8C51C26A72E070013E0EB /* Debug */,
				A8B8C51D26A72E070013E0EB /* Release */,
			);
			defaultConfigurationIsVisible = 0;
			defaultConfigurationName = Release;
		};
/* End XCConfigurationList section */

/* Begin XCVersionGroup section */
		A8B8C51026A72DFF0013E0EB /* plantASeed.xcdatamodeld */ = {
			isa = XCVersionGroup;
			children = (
				A8B8C51126A72DFF0013E0EB /* plantASeed.xcdatamodel */,
			);
			currentVersion = A8B8C51126A72DFF0013E0EB /* plantASeed.xcdatamodel */;
			path = plantASeed.xcdatamodeld;
			sourceTree = "<group>";
			versionGroupType = wrapper.xcdatamodel;
		};
/* End XCVersionGroup section */
	};
	rootObject = A8B8C4FC26A72DFF0013E0EB /* Project object */;
}
